<Solution>
  <Folder Name="/src/">
    <Project Path="src/CreatorOS.Api/CreatorOS.Api.csproj" />
    <Project Path="src/CreatorOS.Application/CreatorOS.Application.csproj" />
    <Project Path="src/CreatorOS.Domain/CreatorOS.Domain.csproj" />
    <Project Path="src/CreatorOS.Infrastructure/CreatorOS.Infrastructure.csproj" />
    <Project Path="src/CreatorOS.Shared/CreatorOS.Shared.csproj" />
  </Folder>
  <Folder Name="/tests/">
    <Project Path="tests/CreatorOS.IntegrationTests/CreatorOS.IntegrationTests.csproj" />
    <Project Path="tests/CreatorOS.UnitTests/CreatorOS.UnitTests.csproj" />
  </Folder>
</Solution>
